PODS:
  - KVOController (1.2.0)
  - SortedSet (3.0.2)

DEPENDENCIES:
  - KVOController
  - SortedSet

SPEC CHECKSUMS:
  KVOController: d72ace34afea42468329623b3379ab3cd1d286b6
  SortedSet: 8588c0962cb747e5cd8e1582fe1e0e26f385ba4d

PODFILE CHECKSUM: 9f98a330422110e9d3a9ff16466f06e116162d74

COCOAPODS: 1.1.1
