// !$*UTF8*$!
{
	archiveVersion = 1;
	classes = {
	};
	objectVersion = 46;
	objects = {

/* Begin PBXBuildFile section */
		122871C64A5CC5B2E972CCB3 /* Pods_wowser.framework in Frameworks */ = {isa = PBXBuildFile; fileRef = B996AB78C8ECCBCC83F9A4D9 /* Pods_wowser.framework */; };
		5F2BAF121E9F1F5D00DD9B4B /* AppDelegate.m in Sources */ = {isa = PBXBuildFile; fileRef = 5F2BAF111E9F1F5D00DD9B4B /* AppDelegate.m */; };
		5F2BAF151E9F1F5D00DD9B4B /* main.m in Sources */ = {isa = PBXBuildFile; fileRef = 5F2BAF141E9F1F5D00DD9B4B /* main.m */; };
		5F2BAF171E9F1F5D00DD9B4B /* Assets.xcassets in Resources */ = {isa = PBXBuildFile; fileRef = 5F2BAF161E9F1F5D00DD9B4B /* Assets.xcassets */; };
		5F2BAF1A1E9F1F5D00DD9B4B /* MainMenu.xib in Resources */ = {isa = PBXBuildFile; fileRef = 5F2BAF181E9F1F5D00DD9B4B /* MainMenu.xib */; };
		5F2BAF2E1E9F217A00DD9B4B /* WWWindowController.m in Sources */ = {isa = PBXBuildFile; fileRef = 5F2BAF2C1E9F217A00DD9B4B /* WWWindowController.m */; };
		5F2BAF2F1E9F217A00DD9B4B /* WWWindowController.xib in Resources */ = {isa = PBXBuildFile; fileRef = 5F2BAF2D1E9F217A00DD9B4B /* WWWindowController.xib */; };
		5F2BAF321E9F22DB00DD9B4B /* WWTab.m in Sources */ = {isa = PBXBuildFile; fileRef = 5F2BAF311E9F22DB00DD9B4B /* WWTab.m */; };
		5F2BAF351E9F2A9500DD9B4B /* WWTabScrollView.m in Sources */ = {isa = PBXBuildFile; fileRef = 5F2BAF341E9F2A9500DD9B4B /* WWTabScrollView.m */; };
		5F2BAF381E9F419B00DD9B4B /* WWWebView.m in Sources */ = {isa = PBXBuildFile; fileRef = 5F2BAF371E9F419B00DD9B4B /* WWWebView.m */; };
		5F2BAF3B1E9F689C00DD9B4B /* WWTabView.m in Sources */ = {isa = PBXBuildFile; fileRef = 5F2BAF3A1E9F689C00DD9B4B /* WWTabView.m */; };
		5F2BAF3E1E9F6B8500DD9B4B /* WWReplicatorView.m in Sources */ = {isa = PBXBuildFile; fileRef = 5F2BAF3D1E9F6B8500DD9B4B /* WWReplicatorView.m */; };
		5F733F201EA0541C00D413BB /* WWTitleCell.m in Sources */ = {isa = PBXBuildFile; fileRef = 5F733F1F1EA0541C00D413BB /* WWTitleCell.m */; };
		5F733F231EA0631E00D413BB /* ConvenienceCategories.m in Sources */ = {isa = PBXBuildFile; fileRef = 5F733F221EA0631E00D413BB /* ConvenienceCategories.m */; };
		5F733F261EA32D9500D413BB /* WWTransformView.m in Sources */ = {isa = PBXBuildFile; fileRef = 5F733F251EA32D9500D413BB /* WWTransformView.m */; };
		5F733F291EA46C4700D413BB /* NSURL+NaturalURLEntry.m in Sources */ = {isa = PBXBuildFile; fileRef = 5F733F281EA46C4700D413BB /* NSURL+NaturalURLEntry.m */; };
		5FC3AADD1EA6BA3E00D69DC4 /* Impetus.swift in Sources */ = {isa = PBXBuildFile; fileRef = 5FC3AADC1EA6BA3E00D69DC4 /* Impetus.swift */; };
/* End PBXBuildFile section */

/* Begin PBXFileReference section */
		522AF778397E4539BB0A5942 /* Pods-wowser.release.xcconfig */ = {isa = PBXFileReference; includeInIndex = 1; lastKnownFileType = text.xcconfig; name = "Pods-wowser.release.xcconfig"; path = "Pods/Target Support Files/Pods-wowser/Pods-wowser.release.xcconfig"; sourceTree = "<group>"; };
		5F2BAF0D1E9F1F5D00DD9B4B /* wowser.app */ = {isa = PBXFileReference; explicitFileType = wrapper.application; includeInIndex = 0; path = wowser.app; sourceTree = BUILT_PRODUCTS_DIR; };
		5F2BAF101E9F1F5D00DD9B4B /* AppDelegate.h */ = {isa = PBXFileReference; lastKnownFileType = sourcecode.c.h; path = AppDelegate.h; sourceTree = "<group>"; };
		5F2BAF111E9F1F5D00DD9B4B /* AppDelegate.m */ = {isa = PBXFileReference; lastKnownFileType = sourcecode.c.objc; path = AppDelegate.m; sourceTree = "<group>"; };
		5F2BAF141E9F1F5D00DD9B4B /* main.m */ = {isa = PBXFileReference; lastKnownFileType = sourcecode.c.objc; path = main.m; sourceTree = "<group>"; };
		5F2BAF161E9F1F5D00DD9B4B /* Assets.xcassets */ = {isa = PBXFileReference; lastKnownFileType = folder.assetcatalog; path = Assets.xcassets; sourceTree = "<group>"; };
		5F2BAF191E9F1F5D00DD9B4B /* Base */ = {isa = PBXFileReference; lastKnownFileType = file.xib; name = Base; path = Base.lproj/MainMenu.xib; sourceTree = "<group>"; };
		5F2BAF1B1E9F1F5D00DD9B4B /* Info.plist */ = {isa = PBXFileReference; lastKnownFileType = text.plist.xml; path = Info.plist; sourceTree = "<group>"; };
		5F2BAF2B1E9F217A00DD9B4B /* WWWindowController.h */ = {isa = PBXFileReference; fileEncoding = 4; lastKnownFileType = sourcecode.c.h; path = WWWindowController.h; sourceTree = "<group>"; };
		5F2BAF2C1E9F217A00DD9B4B /* WWWindowController.m */ = {isa = PBXFileReference; fileEncoding = 4; lastKnownFileType = sourcecode.c.objc; path = WWWindowController.m; sourceTree = "<group>"; };
		5F2BAF2D1E9F217A00DD9B4B /* WWWindowController.xib */ = {isa = PBXFileReference; fileEncoding = 4; lastKnownFileType = file.xib; path = WWWindowController.xib; sourceTree = "<group>"; };
		5F2BAF301E9F22DB00DD9B4B /* WWTab.h */ = {isa = PBXFileReference; fileEncoding = 4; lastKnownFileType = sourcecode.c.h; path = WWTab.h; sourceTree = "<group>"; };
		5F2BAF311E9F22DB00DD9B4B /* WWTab.m */ = {isa = PBXFileReference; fileEncoding = 4; lastKnownFileType = sourcecode.c.objc; path = WWTab.m; sourceTree = "<group>"; };
		5F2BAF331E9F2A9500DD9B4B /* WWTabScrollView.h */ = {isa = PBXFileReference; fileEncoding = 4; lastKnownFileType = sourcecode.c.h; path = WWTabScrollView.h; sourceTree = "<group>"; };
		5F2BAF341E9F2A9500DD9B4B /* WWTabScrollView.m */ = {isa = PBXFileReference; fileEncoding = 4; lastKnownFileType = sourcecode.c.objc; path = WWTabScrollView.m; sourceTree = "<group>"; };
		5F2BAF361E9F419B00DD9B4B /* WWWebView.h */ = {isa = PBXFileReference; fileEncoding = 4; lastKnownFileType = sourcecode.c.h; path = WWWebView.h; sourceTree = "<group>"; };
		5F2BAF371E9F419B00DD9B4B /* WWWebView.m */ = {isa = PBXFileReference; fileEncoding = 4; lastKnownFileType = sourcecode.c.objc; path = WWWebView.m; sourceTree = "<group>"; };
		5F2BAF391E9F689C00DD9B4B /* WWTabView.h */ = {isa = PBXFileReference; fileEncoding = 4; lastKnownFileType = sourcecode.c.h; path = WWTabView.h; sourceTree = "<group>"; };
		5F2BAF3A1E9F689C00DD9B4B /* WWTabView.m */ = {isa = PBXFileReference; fileEncoding = 4; lastKnownFileType = sourcecode.c.objc; path = WWTabView.m; sourceTree = "<group>"; };
		5F2BAF3C1E9F6B8500DD9B4B /* WWReplicatorView.h */ = {isa = PBXFileReference; fileEncoding = 4; lastKnownFileType = sourcecode.c.h; path = WWReplicatorView.h; sourceTree = "<group>"; };
		5F2BAF3D1E9F6B8500DD9B4B /* WWReplicatorView.m */ = {isa = PBXFileReference; fileEncoding = 4; lastKnownFileType = sourcecode.c.objc; path = WWReplicatorView.m; sourceTree = "<group>"; };
		5F733F1E1EA0541C00D413BB /* WWTitleCell.h */ = {isa = PBXFileReference; fileEncoding = 4; lastKnownFileType = sourcecode.c.h; path = WWTitleCell.h; sourceTree = "<group>"; };
		5F733F1F1EA0541C00D413BB /* WWTitleCell.m */ = {isa = PBXFileReference; fileEncoding = 4; lastKnownFileType = sourcecode.c.objc; path = WWTitleCell.m; sourceTree = "<group>"; };
		5F733F211EA0631E00D413BB /* ConvenienceCategories.h */ = {isa = PBXFileReference; fileEncoding = 4; lastKnownFileType = sourcecode.c.h; path = ConvenienceCategories.h; sourceTree = "<group>"; };
		5F733F221EA0631E00D413BB /* ConvenienceCategories.m */ = {isa = PBXFileReference; fileEncoding = 4; lastKnownFileType = sourcecode.c.objc; path = ConvenienceCategories.m; sourceTree = "<group>"; };
		5F733F241EA32D9500D413BB /* WWTransformView.h */ = {isa = PBXFileReference; fileEncoding = 4; lastKnownFileType = sourcecode.c.h; path = WWTransformView.h; sourceTree = "<group>"; };
		5F733F251EA32D9500D413BB /* WWTransformView.m */ = {isa = PBXFileReference; fileEncoding = 4; lastKnownFileType = sourcecode.c.objc; path = WWTransformView.m; sourceTree = "<group>"; };
		5F733F271EA46C4700D413BB /* NSURL+NaturalURLEntry.h */ = {isa = PBXFileReference; fileEncoding = 4; lastKnownFileType = sourcecode.c.h; path = "NSURL+NaturalURLEntry.h"; sourceTree = "<group>"; };
		5F733F281EA46C4700D413BB /* NSURL+NaturalURLEntry.m */ = {isa = PBXFileReference; fileEncoding = 4; lastKnownFileType = sourcecode.c.objc; path = "NSURL+NaturalURLEntry.m"; sourceTree = "<group>"; };
		5FC3AADB1EA6BA3E00D69DC4 /* wowser-Bridging-Header.h */ = {isa = PBXFileReference; lastKnownFileType = sourcecode.c.h; path = "wowser-Bridging-Header.h"; sourceTree = "<group>"; };
		5FC3AADC1EA6BA3E00D69DC4 /* Impetus.swift */ = {isa = PBXFileReference; fileEncoding = 4; lastKnownFileType = sourcecode.swift; path = Impetus.swift; sourceTree = "<group>"; };
		B996AB78C8ECCBCC83F9A4D9 /* Pods_wowser.framework */ = {isa = PBXFileReference; explicitFileType = wrapper.framework; includeInIndex = 0; path = Pods_wowser.framework; sourceTree = BUILT_PRODUCTS_DIR; };
		E82472408719D54B59DEDBF6 /* Pods-wowser.debug.xcconfig */ = {isa = PBXFileReference; includeInIndex = 1; lastKnownFileType = text.xcconfig; name = "Pods-wowser.debug.xcconfig"; path = "Pods/Target Support Files/Pods-wowser/Pods-wowser.debug.xcconfig"; sourceTree = "<group>"; };
/* End PBXFileReference section */

/* Begin PBXFrameworksBuildPhase section */
		5F2BAF0A1E9F1F5D00DD9B4B /* Frameworks */ = {
			isa = PBXFrameworksBuildPhase;
			buildActionMask = 2147483647;
			files = (
				122871C64A5CC5B2E972CCB3 /* Pods_wowser.framework in Frameworks */,
			);
			runOnlyForDeploymentPostprocessing = 0;
		};
/* End PBXFrameworksBuildPhase section */

/* Begin PBXGroup section */
		4F355A428AAB30B15A658EF9 /* Frameworks */ = {
			isa = PBXGroup;
			children = (
				B996AB78C8ECCBCC83F9A4D9 /* Pods_wowser.framework */,
			);
			name = Frameworks;
			sourceTree = "<group>";
		};
		5F2BAF041E9F1F5D00DD9B4B = {
			isa = PBXGroup;
			children = (
				5F2BAF0F1E9F1F5D00DD9B4B /* wowser */,
				5F2BAF0E1E9F1F5D00DD9B4B /* Products */,
				5FD5D7F300DB88A9A6AA4E16 /* Pods */,
				4F355A428AAB30B15A658EF9 /* Frameworks */,
			);
			sourceTree = "<group>";
		};
		5F2BAF0E1E9F1F5D00DD9B4B /* Products */ = {
			isa = PBXGroup;
			children = (
				5F2BAF0D1E9F1F5D00DD9B4B /* wowser.app */,
			);
			name = Products;
			sourceTree = "<group>";
		};
		5F2BAF0F1E9F1F5D00DD9B4B /* wowser */ = {
			isa = PBXGroup;
			children = (
				5F2BAF101E9F1F5D00DD9B4B /* AppDelegate.h */,
				5F2BAF111E9F1F5D00DD9B4B /* AppDelegate.m */,
				5F2BAF2B1E9F217A00DD9B4B /* WWWindowController.h */,
				5F2BAF2C1E9F217A00DD9B4B /* WWWindowController.m */,
				5F2BAF2D1E9F217A00DD9B4B /* WWWindowController.xib */,
				5F2BAF331E9F2A9500DD9B4B /* WWTabScrollView.h */,
				5F2BAF341E9F2A9500DD9B4B /* WWTabScrollView.m */,
				5F2BAF301E9F22DB00DD9B4B /* WWTab.h */,
				5F2BAF311E9F22DB00DD9B4B /* WWTab.m */,
				5F2BAF391E9F689C00DD9B4B /* WWTabView.h */,
				5F2BAF3A1E9F689C00DD9B4B /* WWTabView.m */,
				5F2BAF3C1E9F6B8500DD9B4B /* WWReplicatorView.h */,
				5F2BAF3D1E9F6B8500DD9B4B /* WWReplicatorView.m */,
				5F2BAF361E9F419B00DD9B4B /* WWWebView.h */,
				5F2BAF371E9F419B00DD9B4B /* WWWebView.m */,
				5F733F1E1EA0541C00D413BB /* WWTitleCell.h */,
				5F733F1F1EA0541C00D413BB /* WWTitleCell.m */,
				5F733F211EA0631E00D413BB /* ConvenienceCategories.h */,
				5F733F221EA0631E00D413BB /* ConvenienceCategories.m */,
				5F733F241EA32D9500D413BB /* WWTransformView.h */,
				5F733F251EA32D9500D413BB /* WWTransformView.m */,
				5F733F271EA46C4700D413BB /* NSURL+NaturalURLEntry.h */,
				5F733F281EA46C4700D413BB /* NSURL+NaturalURLEntry.m */,
				5FC3AADC1EA6BA3E00D69DC4 /* Impetus.swift */,
				5F2BAF161E9F1F5D00DD9B4B /* Assets.xcassets */,
				5F2BAF181E9F1F5D00DD9B4B /* MainMenu.xib */,
				5F2BAF1B1E9F1F5D00DD9B4B /* Info.plist */,
				5F2BAF131E9F1F5D00DD9B4B /* Supporting Files */,
				5FC3AADB1EA6BA3E00D69DC4 /* wowser-Bridging-Header.h */,
			);
			path = wowser;
			sourceTree = "<group>";
		};
		5F2BAF131E9F1F5D00DD9B4B /* Supporting Files */ = {
			isa = PBXGroup;
			children = (
				5F2BAF141E9F1F5D00DD9B4B /* main.m */,
			);
			name = "Supporting Files";
			sourceTree = "<group>";
		};
		5FD5D7F300DB88A9A6AA4E16 /* Pods */ = {
			isa = PBXGroup;
			children = (
				E82472408719D54B59DEDBF6 /* Pods-wowser.debug.xcconfig */,
				522AF778397E4539BB0A5942 /* Pods-wowser.release.xcconfig */,
			);
			name = Pods;
			sourceTree = "<group>";
		};
/* End PBXGroup section */

/* Begin PBXNativeTarget section */
		5F2BAF0C1E9F1F5D00DD9B4B /* wowser */ = {
			isa = PBXNativeTarget;
			buildConfigurationList = 5F2BAF1E1E9F1F5D00DD9B4B /* Build configuration list for PBXNativeTarget "wowser" */;
			buildPhases = (
				1A7D238F4316D08550376492 /* [CP] Check Pods Manifest.lock */,
				5F2BAF091E9F1F5D00DD9B4B /* Sources */,
				5F2BAF0A1E9F1F5D00DD9B4B /* Frameworks */,
				5F2BAF0B1E9F1F5D00DD9B4B /* Resources */,
				E05C4131DE676EE239FE5F87 /* [CP] Embed Pods Frameworks */,
				E74760C909DD1C1FA23D6F73 /* [CP] Copy Pods Resources */,
			);
			buildRules = (
			);
			dependencies = (
			);
			name = wowser;
			productName = wowser;
			productReference = 5F2BAF0D1E9F1F5D00DD9B4B /* wowser.app */;
			productType = "com.apple.product-type.application";
		};
/* End PBXNativeTarget section */

/* Begin PBXProject section */
		5F2BAF051E9F1F5D00DD9B4B /* Project object */ = {
			isa = PBXProject;
			attributes = {
				LastUpgradeCheck = 0820;
				ORGANIZATIONNAME = "Nate Parrott";
				TargetAttributes = {
					5F2BAF0C1E9F1F5D00DD9B4B = {
						CreatedOnToolsVersion = 8.2;
						DevelopmentTeam = VPN8ZW6EAC;
						LastSwiftMigration = 0820;
						ProvisioningStyle = Automatic;
					};
				};
			};
			buildConfigurationList = 5F2BAF081E9F1F5D00DD9B4B /* Build configuration list for PBXProject "wowser" */;
			compatibilityVersion = "Xcode 3.2";
			developmentRegion = English;
			hasScannedForEncodings = 0;
			knownRegions = (
				en,
				Base,
			);
			mainGroup = 5F2BAF041E9F1F5D00DD9B4B;
			productRefGroup = 5F2BAF0E1E9F1F5D00DD9B4B /* Products */;
			projectDirPath = "";
			projectRoot = "";
			targets = (
				5F2BAF0C1E9F1F5D00DD9B4B /* wowser */,
			);
		};
/* End PBXProject section */

/* Begin PBXResourcesBuildPhase section */
		5F2BAF0B1E9F1F5D00DD9B4B /* Resources */ = {
			isa = PBXResourcesBuildPhase;
			buildActionMask = 2147483647;
			files = (
				5F2BAF171E9F1F5D00DD9B4B /* Assets.xcassets in Resources */,
				5F2BAF1A1E9F1F5D00DD9B4B /* MainMenu.xib in Resources */,
				5F2BAF2F1E9F217A00DD9B4B /* WWWindowController.xib in Resources */,
			);
			runOnlyForDeploymentPostprocessing = 0;
		};
/* End PBXResourcesBuildPhase section */

/* Begin PBXShellScriptBuildPhase section */
		1A7D238F4316D08550376492 /* [CP] Check Pods Manifest.lock */ = {
			isa = PBXShellScriptBuildPhase;
			buildActionMask = 2147483647;
			files = (
			);
			inputPaths = (
			);
			name = "[CP] Check Pods Manifest.lock";
			outputPaths = (
			);
			runOnlyForDeploymentPostprocessing = 0;
			shellPath = /bin/sh;
			shellScript = "diff \"${PODS_ROOT}/../Podfile.lock\" \"${PODS_ROOT}/Manifest.lock\" > /dev/null\nif [ $? != 0 ] ; then\n    # print error to STDERR\n    echo \"error: The sandbox is not in sync with the Podfile.lock. Run 'pod install' or update your CocoaPods installation.\" >&2\n    exit 1\nfi\n";
			showEnvVarsInLog = 0;
		};
		E05C4131DE676EE239FE5F87 /* [CP] Embed Pods Frameworks */ = {
			isa = PBXShellScriptBuildPhase;
			buildActionMask = 2147483647;
			files = (
			);
			inputPaths = (
			);
			name = "[CP] Embed Pods Frameworks";
			outputPaths = (
			);
			runOnlyForDeploymentPostprocessing = 0;
			shellPath = /bin/sh;
			shellScript = "\"${SRCROOT}/Pods/Target Support Files/Pods-wowser/Pods-wowser-frameworks.sh\"\n";
			showEnvVarsInLog = 0;
		};
		E74760C909DD1C1FA23D6F73 /* [CP] Copy Pods Resources */ = {
			isa = PBXShellScriptBuildPhase;
			buildActionMask = 2147483647;
			files = (
			);
			inputPaths = (
			);
			name = "[CP] Copy Pods Resources";
			outputPaths = (
			);
			runOnlyForDeploymentPostprocessing = 0;
			shellPath = /bin/sh;
			shellScript = "\"${SRCROOT}/Pods/Target Support Files/Pods-wowser/Pods-wowser-resources.sh\"\n";
			showEnvVarsInLog = 0;
		};
/* End PBXShellScriptBuildPhase section */

/* Begin PBXSourcesBuildPhase section */
		5F2BAF091E9F1F5D00DD9B4B /* Sources */ = {
			isa = PBXSourcesBuildPhase;
			buildActionMask = 2147483647;
			files = (
				5F733F261EA32D9500D413BB /* WWTransformView.m in Sources */,
				5F2BAF351E9F2A9500DD9B4B /* WWTabScrollView.m in Sources */,
				5F733F231EA0631E00D413BB /* ConvenienceCategories.m in Sources */,
				5F2BAF151E9F1F5D00DD9B4B /* main.m in Sources */,
				5F2BAF3B1E9F689C00DD9B4B /* WWTabView.m in Sources */,
				5F733F291EA46C4700D413BB /* NSURL+NaturalURLEntry.m in Sources */,
				5F2BAF3E1E9F6B8500DD9B4B /* WWReplicatorView.m in Sources */,
				5F733F201EA0541C00D413BB /* WWTitleCell.m in Sources */,
				5F2BAF2E1E9F217A00DD9B4B /* WWWindowController.m in Sources */,
				5F2BAF381E9F419B00DD9B4B /* WWWebView.m in Sources */,
				5FC3AADD1EA6BA3E00D69DC4 /* Impetus.swift in Sources */,
				5F2BAF121E9F1F5D00DD9B4B /* AppDelegate.m in Sources */,
				5F2BAF321E9F22DB00DD9B4B /* WWTab.m in Sources */,
			);
			runOnlyForDeploymentPostprocessing = 0;
		};
/* End PBXSourcesBuildPhase section */

/* Begin PBXVariantGroup section */
		5F2BAF181E9F1F5D00DD9B4B /* MainMenu.xib */ = {
			isa = PBXVariantGroup;
			children = (
				5F2BAF191E9F1F5D00DD9B4B /* Base */,
			);
			name = MainMenu.xib;
			sourceTree = "<group>";
		};
/* End PBXVariantGroup section */

/* Begin XCBuildConfiguration section */
		5F2BAF1C1E9F1F5D00DD9B4B /* Debug */ = {
			isa = XCBuildConfiguration;
			buildSettings = {
				ALWAYS_SEARCH_USER_PATHS = NO;
				CLANG_ANALYZER_NONNULL = YES;
				CLANG_CXX_LANGUAGE_STANDARD = "gnu++0x";
				CLANG_CXX_LIBRARY = "libc++";
				CLANG_ENABLE_MODULES = YES;
				CLANG_ENABLE_OBJC_ARC = YES;
				CLANG_WARN_BOOL_CONVERSION = YES;
				CLANG_WARN_CONSTANT_CONVERSION = YES;
				CLANG_WARN_DIRECT_OBJC_ISA_USAGE = YES_ERROR;
				CLANG_WARN_DOCUMENTATION_COMMENTS = YES;
				CLANG_WARN_EMPTY_BODY = YES;
				CLANG_WARN_ENUM_CONVERSION = YES;
				CLANG_WARN_INFINITE_RECURSION = YES;
				CLANG_WARN_INT_CONVERSION = YES;
				CLANG_WARN_OBJC_ROOT_CLASS = YES_ERROR;
				CLANG_WARN_SUSPICIOUS_MOVE = YES;
				CLANG_WARN_UNREACHABLE_CODE = YES;
				CLANG_WARN__DUPLICATE_METHOD_MATCH = YES;
				CODE_SIGN_IDENTITY = "-";
				COPY_PHASE_STRIP = NO;
				DEBUG_INFORMATION_FORMAT = dwarf;
				ENABLE_STRICT_OBJC_MSGSEND = YES;
				ENABLE_TESTABILITY = YES;
				GCC_C_LANGUAGE_STANDARD = gnu99;
				GCC_DYNAMIC_NO_PIC = NO;
				GCC_NO_COMMON_BLOCKS = YES;
				GCC_OPTIMIZATION_LEVEL = 0;
				GCC_PREPROCESSOR_DEFINITIONS = (
					"DEBUG=1",
					"$(inherited)",
				);
				GCC_WARN_64_TO_32_BIT_CONVERSION = YES;
				GCC_WARN_ABOUT_RETURN_TYPE = YES_ERROR;
				GCC_WARN_UNDECLARED_SELECTOR = YES;
				GCC_WARN_UNINITIALIZED_AUTOS = YES_AGGRESSIVE;
				GCC_WARN_UNUSED_FUNCTION = YES;
				GCC_WARN_UNUSED_VARIABLE = YES;
				MACOSX_DEPLOYMENT_TARGET = 10.12;
				MTL_ENABLE_DEBUG_INFO = YES;
				ONLY_ACTIVE_ARCH = YES;
				SDKROOT = macosx;
			};
			name = Debug;
		};
		5F2BAF1D1E9F1F5D00DD9B4B /* Release */ = {
			isa = XCBuildConfiguration;
			buildSettings = {
				ALWAYS_SEARCH_USER_PATHS = NO;
				CLANG_ANALYZER_NONNULL = YES;
				CLANG_CXX_LANGUAGE_STANDARD = "gnu++0x";
				CLANG_CXX_LIBRARY = "libc++";
				CLANG_ENABLE_MODULES = YES;
				CLANG_ENABLE_OBJC_ARC = YES;
				CLANG_WARN_BOOL_CONVERSION = YES;
				CLANG_WARN_CONSTANT_CONVERSION = YES;
				CLANG_WARN_DIRECT_OBJC_ISA_USAGE = YES_ERROR;
				CLANG_WARN_DOCUMENTATION_COMMENTS = YES;
				CLANG_WARN_EMPTY_BODY = YES;
				CLANG_WARN_ENUM_CONVERSION = YES;
				CLANG_WARN_INFINITE_RECURSION = YES;
				CLANG_WARN_INT_CONVERSION = YES;
				CLANG_WARN_OBJC_ROOT_CLASS = YES_ERROR;
				CLANG_WARN_SUSPICIOUS_MOVE = YES;
				CLANG_WARN_UNREACHABLE_CODE = YES;
				CLANG_WARN__DUPLICATE_METHOD_MATCH = YES;
				CODE_SIGN_IDENTITY = "-";
				COPY_PHASE_STRIP = NO;
				DEBUG_INFORMATION_FORMAT = "dwarf-with-dsym";
				ENABLE_NS_ASSERTIONS = NO;
				ENABLE_STRICT_OBJC_MSGSEND = YES;
				GCC_C_LANGUAGE_STANDARD = gnu99;
				GCC_NO_COMMON_BLOCKS = YES;
				GCC_WARN_64_TO_32_BIT_CONVERSION = YES;
				GCC_WARN_ABOUT_RETURN_TYPE = YES_ERROR;
				GCC_WARN_UNDECLARED_SELECTOR = YES;
				GCC_WARN_UNINITIALIZED_AUTOS = YES_AGGRESSIVE;
				GCC_WARN_UNUSED_FUNCTION = YES;
				GCC_WARN_UNUSED_VARIABLE = YES;
				MACOSX_DEPLOYMENT_TARGET = 10.12;
				MTL_ENABLE_DEBUG_INFO = NO;
				SDKROOT = macosx;
			};
			name = Release;
		};
		5F2BAF1F1E9F1F5D00DD9B4B /* Debug */ = {
			isa = XCBuildConfiguration;
			baseConfigurationReference = E82472408719D54B59DEDBF6 /* Pods-wowser.debug.xcconfig */;
			buildSettings = {
				ASSETCATALOG_COMPILER_APPICON_NAME = AppIcon;
				CLANG_ENABLE_MODULES = YES;
				COMBINE_HIDPI_IMAGES = YES;
				DEVELOPMENT_TEAM = VPN8ZW6EAC;
				INFOPLIST_FILE = wowser/Info.plist;
				LD_RUNPATH_SEARCH_PATHS = "$(inherited) @executable_path/../Frameworks";
				PRODUCT_BUNDLE_IDENTIFIER = com.nateparrott.wowser;
				PRODUCT_NAME = "$(TARGET_NAME)";
				SWIFT_OBJC_BRIDGING_HEADER = "wowser/wowser-Bridging-Header.h";
				SWIFT_OPTIMIZATION_LEVEL = "-Onone";
				SWIFT_VERSION = 3.0;
			};
			name = Debug;
		};
		5F2BAF201E9F1F5D00DD9B4B /* Release */ = {
			isa = XCBuildConfiguration;
			baseConfigurationReference = 522AF778397E4539BB0A5942 /* Pods-wowser.release.xcconfig */;
			buildSettings = {
				ASSETCATALOG_COMPILER_APPICON_NAME = AppIcon;
				CLANG_ENABLE_MODULES = YES;
				COMBINE_HIDPI_IMAGES = YES;
				DEVELOPMENT_TEAM = VPN8ZW6EAC;
				INFOPLIST_FILE = wowser/Info.plist;
				LD_RUNPATH_SEARCH_PATHS = "$(inherited) @executable_path/../Frameworks";
				PRODUCT_BUNDLE_IDENTIFIER = com.nateparrott.wowser;
				PRODUCT_NAME = "$(TARGET_NAME)";
				SWIFT_OBJC_BRIDGING_HEADER = "wowser/wowser-Bridging-Header.h";
				SWIFT_VERSION = 3.0;
			};
			name = Release;
		};
/* End XCBuildConfiguration section */

/* Begin XCConfigurationList section */
		5F2BAF081E9F1F5D00DD9B4B /* Build configuration list for PBXProject "wowser" */ = {
			isa = XCConfigurationList;
			buildConfigurations = (
				5F2BAF1C1E9F1F5D00DD9B4B /* Debug */,
				5F2BAF1D1E9F1F5D00DD9B4B /* Release */,
			);
			defaultConfigurationIsVisible = 0;
			defaultConfigurationName = Release;
		};
		5F2BAF1E1E9F1F5D00DD9B4B /* Build configuration list for PBXNativeTarget "wowser" */ = {
			isa = XCConfigurationList;
			buildConfigurations = (
				5F2BAF1F1E9F1F5D00DD9B4B /* Debug */,
				5F2BAF201E9F1F5D00DD9B4B /* Release */,
			);
			defaultConfigurationIsVisible = 0;
			defaultConfigurationName = Release;
		};
/* End XCConfigurationList section */
	};
	rootObject = 5F2BAF051E9F1F5D00DD9B4B /* Project object */;
}
